
Microsoft Visual Studio Solution File, Format Version 12.00
# Visual Studio Version 16
VisualStudioVersion = 16.0.29215.179
MinimumVisualStudioVersion = 10.0.40219.1
Project("{FAE04EC0-301F-11D3-BF4B-00C04F79EFBC}") = "QuanliBanHang", "QuanliBanHang\QuanliBanHang.csproj", "{0019EB48-734B-4107-BE7A-4CA858543B0D}"
EndProject
Global
	GlobalSection(SolutionConfigurationPlatforms) = preSolution
		Debug|Any CPU = Debug|Any CPU
		Release|Any CPU = Release|Any CPU
	EndGlobalSection
	GlobalSection(ProjectConfigurationPlatforms) = postSolution
		{0019EB48-734B-4107-BE7A-4CA858543B0D}.Debug|Any CPU.ActiveCfg = Debug|Any CPU
		{0019EB48-734B-4107-BE7A-4CA858543B0D}.Debug|Any CPU.Build.0 = Debug|Any CPU
		{0019EB48-734B-4107-BE7A-4CA858543B0D}.Release|Any CPU.ActiveCfg = Release|Any CPU
		{0019EB48-734B-4107-BE7A-4CA858543B0D}.Release|Any CPU.Build.0 = Release|Any CPU
	EndGlobalSection
	GlobalSection(SolutionProperties) = preSolution
		HideSolutionNode = FALSE
	EndGlobalSection
	GlobalSection(ExtensibilityGlobals) = postSolution
		SolutionGuid = {A1EAD17F-DB96-4EE3-BC50-0F1CCF7B5A9D}
	EndGlobalSection
EndGlobal
